# This file was autogenerated by Stack.
# You should not edit this file by hand.
# For more information, please see the documentation at:
#   https://docs.haskellstack.org/en/stable/lock_files

snapshots:
- completed:
    sha256: c2aaae52beeacf6a5727c1010f50e89d03869abfab6d2c2658ade9da8ed50c73
    size: 533252
    url: https://raw.githubusercontent.com/commercialhaskell/stackage-snapshots/master/lts/16/27.yaml
  original: lts-16.27
packages:
- completed:
    pantry-tree:
      sha256: 72f9c0c262d6934ba7caea78685b0c2e23ea11126ebb6857a47f27e6f5bf0cdc
      size: 1173
    hackage: hakyll-images-1.1.0@sha256:0361649c838f56a97c847a051fdc2029c8d1a8c1b5dc2923a81a532a51563f45,2427
  original:
    hackage: hakyll-images-1.1.0
